
Microsoft Visual Studio Solution File, Format Version 12.00
# Visual Studio Version 17
VisualStudioVersion = 17.1.32210.238
MinimumVisualStudioVersion = 10.0.40219.1
Project("{FAE04EC0-301F-11D3-BF4B-00C04F79EFBC}") = "Data", "src\Data\Data.csproj", "{6E8C9B62-47D7-4FAD-BB63-085342DC9856}"
EndProject
Project("{FAE04EC0-301F-11D3-BF4B-00C04F79EFBC}") = "Logic", "src\Logic\Logic.csproj", "{70FA8B47-E91C-4BA5-991B-80F57FA49F3C}"
EndProject
Project("{FAE04EC0-301F-11D3-BF4B-00C04F79EFBC}") = "UI", "src\UI\UI.csproj", "{B82FD201-5257-4372-A7F6-353A42D1A06A}"
EndProject
Global
	GlobalSection(SolutionConfigurationPlatforms) = preSolution
		Debug|Any CPU = Debug|Any CPU
		Release|Any CPU = Release|Any CPU
	EndGlobalSection
	GlobalSection(ProjectConfigurationPlatforms) = postSolution
		{6E8C9B62-47D7-4FAD-BB63-085342DC9856}.Debug|Any CPU.ActiveCfg = Debug|Any CPU
		{6E8C9B62-47D7-4FAD-BB63-085342DC9856}.Debug|Any CPU.Build.0 = Debug|Any CPU
		{6E8C9B62-47D7-4FAD-BB63-085342DC9856}.Release|Any CPU.ActiveCfg = Release|Any CPU
		{6E8C9B62-47D7-4FAD-BB63-085342DC9856}.Release|Any CPU.Build.0 = Release|Any CPU
		{70FA8B47-E91C-4BA5-991B-80F57FA49F3C}.Debug|Any CPU.ActiveCfg = Debug|Any CPU
		{70FA8B47-E91C-4BA5-991B-80F57FA49F3C}.Debug|Any CPU.Build.0 = Debug|Any CPU
		{70FA8B47-E91C-4BA5-991B-80F57FA49F3C}.Release|Any CPU.ActiveCfg = Release|Any CPU
		{70FA8B47-E91C-4BA5-991B-80F57FA49F3C}.Release|Any CPU.Build.0 = Release|Any CPU
		{B82FD201-5257-4372-A7F6-353A42D1A06A}.Debug|Any CPU.ActiveCfg = Debug|Any CPU
		{B82FD201-5257-4372-A7F6-353A42D1A06A}.Debug|Any CPU.Build.0 = Debug|Any CPU
		{B82FD201-5257-4372-A7F6-353A42D1A06A}.Release|Any CPU.ActiveCfg = Release|Any CPU
		{B82FD201-5257-4372-A7F6-353A42D1A06A}.Release|Any CPU.Build.0 = Release|Any CPU
	EndGlobalSection
	GlobalSection(SolutionProperties) = preSolution
		HideSolutionNode = FALSE
	EndGlobalSection
	GlobalSection(ExtensibilityGlobals) = postSolution
		SolutionGuid = {99C61091-F7A2-4183-858F-133863618C60}
	EndGlobalSection
EndGlobal
